
Microsoft Visual Studio Solution File, Format Version 12.00
# Visual Studio Version 16
VisualStudioVersion = 16.0.30517.126
MinimumVisualStudioVersion = 10.0.40219.1
Project("{8BC9CEB8-8B4A-11D0-8D11-00A0C91BC942}") = "AmongUSTaskBar", "AmongUSTaskBar\AmongUSTaskBar.vcxproj", "{474F0EE3-AA5E-429E-A1B8-4071D2A102FF}"
EndProject
Global
	GlobalSection(SolutionConfigurationPlatforms) = preSolution
		Debug|x64 = Debug|x64
		Debug|x86 = Debug|x86
		Release|x64 = Release|x64
		Release|x86 = Release|x86
	EndGlobalSection
	GlobalSection(ProjectConfigurationPlatforms) = postSolution
		{474F0EE3-AA5E-429E-A1B8-4071D2A102FF}.Debug|x64.ActiveCfg = Debug|x64
		{474F0EE3-AA5E-429E-A1B8-4071D2A102FF}.Debug|x64.Build.0 = Debug|x64
		{474F0EE3-AA5E-429E-A1B8-4071D2A102FF}.Debug|x86.ActiveCfg = Debug|Win32
		{474F0EE3-AA5E-429E-A1B8-4071D2A102FF}.Debug|x86.Build.0 = Debug|Win32
		{474F0EE3-AA5E-429E-A1B8-4071D2A102FF}.Release|x64.ActiveCfg = Release|x64
		{474F0EE3-AA5E-429E-A1B8-4071D2A102FF}.Release|x64.Build.0 = Release|x64
		{474F0EE3-AA5E-429E-A1B8-4071D2A102FF}.Release|x86.ActiveCfg = Release|Win32
		{474F0EE3-AA5E-429E-A1B8-4071D2A102FF}.Release|x86.Build.0 = Release|Win32
	EndGlobalSection
	GlobalSection(SolutionProperties) = preSolution
		HideSolutionNode = FALSE
	EndGlobalSection
	GlobalSection(ExtensibilityGlobals) = postSolution
		SolutionGuid = {266DDF99-CA18-4B07-A5D9-F7F24AF17C3B}
	EndGlobalSection
EndGlobal
